
Microsoft Visual Studio Solution File, Format Version 12.00
# Visual Studio Version 17
VisualStudioVersion = 17.10.35027.167
MinimumVisualStudioVersion = 10.0.40219.1
Project("{9A19103F-16F7-4668-BE54-9A1E7A4F7556}") = "K400P-FnLock-Background", "K400P_FnLock\K400P-FnLock-Background.csproj", "{CBEA64BC-1E33-4F14-817E-4D0173496910}"
EndProject
Global
	GlobalSection(SolutionConfigurationPlatforms) = preSolution
		Debug|Any CPU = Debug|Any CPU
		Release|Any CPU = Release|Any CPU
	EndGlobalSection
	GlobalSection(ProjectConfigurationPlatforms) = postSolution
		{CBEA64BC-1E33-4F14-817E-4D0173496910}.Debug|Any CPU.ActiveCfg = Debug|Any CPU
		{CBEA64BC-1E33-4F14-817E-4D0173496910}.Debug|Any CPU.Build.0 = Debug|Any CPU
		{CBEA64BC-1E33-4F14-817E-4D0173496910}.Release|Any CPU.ActiveCfg = Release|Any CPU
		{CBEA64BC-1E33-4F14-817E-4D0173496910}.Release|Any CPU.Build.0 = Release|Any CPU
	EndGlobalSection
	GlobalSection(SolutionProperties) = preSolution
		HideSolutionNode = FALSE
	EndGlobalSection
	GlobalSection(ExtensibilityGlobals) = postSolution
		SolutionGuid = {682BAE8C-998B-4A4E-9196-6B905B335F6B}
	EndGlobalSection
EndGlobal
